PODS:
  - RichEditorView (5.0.0)

DEPENDENCIES:
  - RichEditorView (from `../Source/`)

EXTERNAL SOURCES:
  RichEditorView:
    :path: "../Source/"

SPEC CHECKSUMS:
  RichEditorView: cebe82c09dd84779c2a7d80df101e4e97bc02764

PODFILE CHECKSUM: 85c2202a3cbd2e04fef6d56db33f2d3b5676e1fb

COCOAPODS: 1.9.1
